
Microsoft Visual Studio Solution File, Format Version 12.00
# Visual Studio Version 17
VisualStudioVersion = 17.7.34009.444
MinimumVisualStudioVersion = 10.0.40219.1
Project("{FAE04EC0-301F-11D3-BF4B-00C04F79EFBC}") = "MercadoCampesinoo", "MercadoCampesinoo.csproj", "{A00CDD86-CEEE-45EB-AD86-54AB1D2E208C}"
EndProject
Global
	GlobalSection(SolutionConfigurationPlatforms) = preSolution
		Debug|Any CPU = Debug|Any CPU
		Release|Any CPU = Release|Any CPU
	EndGlobalSection
	GlobalSection(ProjectConfigurationPlatforms) = postSolution
		{A00CDD86-CEEE-45EB-AD86-54AB1D2E208C}.Debug|Any CPU.ActiveCfg = Debug|Any CPU
		{A00CDD86-CEEE-45EB-AD86-54AB1D2E208C}.Debug|Any CPU.Build.0 = Debug|Any CPU
		{A00CDD86-CEEE-45EB-AD86-54AB1D2E208C}.Release|Any CPU.ActiveCfg = Release|Any CPU
		{A00CDD86-CEEE-45EB-AD86-54AB1D2E208C}.Release|Any CPU.Build.0 = Release|Any CPU
	EndGlobalSection
	GlobalSection(SolutionProperties) = preSolution
		HideSolutionNode = FALSE
	EndGlobalSection
	GlobalSection(ExtensibilityGlobals) = postSolution
		SolutionGuid = {7244F050-5C6A-4480-8542-D766F5642A0B}
	EndGlobalSection
EndGlobal
